# THIS IS AN AUTOGENERATED FILE. DO NOT EDIT THIS FILE DIRECTLY.
# yarn lockfile v1


metro-memory-fs@^0.65.2:
  version "0.65.2"
  resolved "https://registry.yarnpkg.com/metro-memory-fs/-/metro-memory-fs-0.65.2.tgz#2925c12d6cee62840c0ca05a7327e93cc6ffe7dd"
  integrity sha512-DNMMU3rvgaP8SUCw7huUrS4x3Nf5By5CfBoiUJX6RyvccJ6Jie+8+xBp4B12Wu//l+EMRISpNXqKM69V++uWyQ==
